
Microsoft Visual Studio Solution File, Format Version 12.00
# Visual Studio Version 16
VisualStudioVersion = 16.0.29613.14
MinimumVisualStudioVersion = 10.0.40219.1
Project("{FAE04EC0-301F-11D3-BF4B-00C04F79EFBC}") = "Senai.InLock.WebApi", "Senai.InLock.WebApi\Senai.InLock.WebApi.csproj", "{0E659284-2622-479D-AE67-61CF4CB93EC1}"
EndProject
Global
	GlobalSection(SolutionConfigurationPlatforms) = preSolution
		Debug|Any CPU = Debug|Any CPU
		Release|Any CPU = Release|Any CPU
	EndGlobalSection
	GlobalSection(ProjectConfigurationPlatforms) = postSolution
		{0E659284-2622-479D-AE67-61CF4CB93EC1}.Debug|Any CPU.ActiveCfg = Debug|Any CPU
		{0E659284-2622-479D-AE67-61CF4CB93EC1}.Debug|Any CPU.Build.0 = Debug|Any CPU
		{0E659284-2622-479D-AE67-61CF4CB93EC1}.Release|Any CPU.ActiveCfg = Release|Any CPU
		{0E659284-2622-479D-AE67-61CF4CB93EC1}.Release|Any CPU.Build.0 = Release|Any CPU
	EndGlobalSection
	GlobalSection(SolutionProperties) = preSolution
		HideSolutionNode = FALSE
	EndGlobalSection
	GlobalSection(ExtensibilityGlobals) = postSolution
		SolutionGuid = {68ADEE85-A876-4AF5-B802-0BC17E51A62F}
	EndGlobalSection
EndGlobal
